
Microsoft Visual Studio Solution File, Format Version 12.00
# Visual Studio Version 17
VisualStudioVersion = 17.12.35728.132
MinimumVisualStudioVersion = 10.0.40219.1
Project("{FAE04EC0-301F-11D3-BF4B-00C04F79EFBC}") = "Core", "Core\Core.csproj", "{5C5E2E00-B74B-4DDB-8F5B-03BC458581FF}"
EndProject
Project("{FAE04EC0-301F-11D3-BF4B-00C04F79EFBC}") = "Repository", "Repository\Repository.csproj", "{C06CE444-CC8B-49A7-B834-D3A0978A106C}"
EndProject
Project("{FAE04EC0-301F-11D3-BF4B-00C04F79EFBC}") = "SeedData", "SeedData\SeedData.csproj", "{402D6B29-C885-4E5C-B02F-49C3509A9239}"
EndProject
Project("{FAE04EC0-301F-11D3-BF4B-00C04F79EFBC}") = "UIinterface", "UIinterface\UIinterface\UIinterface.csproj", "{D03D236F-06BA-4D77-BF60-A248AD25BDF9}"
EndProject
Global
	GlobalSection(SolutionConfigurationPlatforms) = preSolution
		Debug|Any CPU = Debug|Any CPU
		Release|Any CPU = Release|Any CPU
	EndGlobalSection
	GlobalSection(ProjectConfigurationPlatforms) = postSolution
		{5C5E2E00-B74B-4DDB-8F5B-03BC458581FF}.Debug|Any CPU.ActiveCfg = Debug|Any CPU
		{5C5E2E00-B74B-4DDB-8F5B-03BC458581FF}.Debug|Any CPU.Build.0 = Debug|Any CPU
		{5C5E2E00-B74B-4DDB-8F5B-03BC458581FF}.Release|Any CPU.ActiveCfg = Release|Any CPU
		{5C5E2E00-B74B-4DDB-8F5B-03BC458581FF}.Release|Any CPU.Build.0 = Release|Any CPU
		{C06CE444-CC8B-49A7-B834-D3A0978A106C}.Debug|Any CPU.ActiveCfg = Debug|Any CPU
		{C06CE444-CC8B-49A7-B834-D3A0978A106C}.Debug|Any CPU.Build.0 = Debug|Any CPU
		{C06CE444-CC8B-49A7-B834-D3A0978A106C}.Release|Any CPU.ActiveCfg = Release|Any CPU
		{C06CE444-CC8B-49A7-B834-D3A0978A106C}.Release|Any CPU.Build.0 = Release|Any CPU
		{402D6B29-C885-4E5C-B02F-49C3509A9239}.Debug|Any CPU.ActiveCfg = Debug|Any CPU
		{402D6B29-C885-4E5C-B02F-49C3509A9239}.Debug|Any CPU.Build.0 = Debug|Any CPU
		{402D6B29-C885-4E5C-B02F-49C3509A9239}.Release|Any CPU.ActiveCfg = Release|Any CPU
		{402D6B29-C885-4E5C-B02F-49C3509A9239}.Release|Any CPU.Build.0 = Release|Any CPU
		{D03D236F-06BA-4D77-BF60-A248AD25BDF9}.Debug|Any CPU.ActiveCfg = Debug|Any CPU
		{D03D236F-06BA-4D77-BF60-A248AD25BDF9}.Debug|Any CPU.Build.0 = Debug|Any CPU
		{D03D236F-06BA-4D77-BF60-A248AD25BDF9}.Release|Any CPU.ActiveCfg = Release|Any CPU
		{D03D236F-06BA-4D77-BF60-A248AD25BDF9}.Release|Any CPU.Build.0 = Release|Any CPU
	EndGlobalSection
	GlobalSection(SolutionProperties) = preSolution
		HideSolutionNode = FALSE
	EndGlobalSection
EndGlobal
